
Microsoft Visual Studio Solution File, Format Version 12.00
# Visual Studio 14
VisualStudioVersion = 14.0.23107.0
MinimumVisualStudioVersion = 10.0.40219.1
Project("{2150E333-8FDC-42A3-9474-1A3956D46DE8}") = "01.MessageSerialization", "01.MessageSerialization", "{EBBA8B61-1BBF-4E67-9BF0-AABFA519E92A}"
EndProject
Project("{FAE04EC0-301F-11D3-BF4B-00C04F79EFBC}") = "XmlSerialization", "XmlSerialization\XmlSerialization.csproj", "{B3C80E53-CFAF-4C89-A17C-3F52C1282019}"
EndProject
Project("{2150E333-8FDC-42A3-9474-1A3956D46DE8}") = "00.Common", "00.Common", "{CC864027-FA06-4E8F-847C-7C50AE837A7D}"
	ProjectSection(SolutionItems) = preProject
		Person.cs = Person.cs
	EndProjectSection
EndProject
Project("{2150E333-8FDC-42A3-9474-1A3956D46DE8}") = "01.Xml", "01.Xml", "{84617B38-D297-45DA-9F58-80057E88E721}"
EndProject
Project("{2150E333-8FDC-42A3-9474-1A3956D46DE8}") = "02.Json", "02.Json", "{E7BC9BB5-A352-43AC-BB4B-178867EDD890}"
EndProject
Project("{FAE04EC0-301F-11D3-BF4B-00C04F79EFBC}") = "JsonSerialization", "JsonSerialization\JsonSerialization.csproj", "{133CAC2A-A433-4C1A-9910-3F79CE818429}"
EndProject
Project("{2150E333-8FDC-42A3-9474-1A3956D46DE8}") = "03.ProtocolBuffer", "03.ProtocolBuffer", "{58CFA34F-215C-4DE9-BAC8-09E70E351EF2}"
EndProject
Project("{FAE04EC0-301F-11D3-BF4B-00C04F79EFBC}") = "ProtocolBuffersSerialization", "ProtocolBuffersSerialization\ProtocolBuffersSerialization.csproj", "{CA09989F-42E9-4B15-8EB8-0F3A4F0529BA}"
EndProject
Project("{2150E333-8FDC-42A3-9474-1A3956D46DE8}") = "04.CustomBinarySerialization", "04.CustomBinarySerialization", "{251AFFC7-D23E-426D-9039-B54A38FAA0D3}"
EndProject
Project("{FAE04EC0-301F-11D3-BF4B-00C04F79EFBC}") = "CustomBinarySerialization", "CustomBinarySerialization\CustomBinarySerialization.csproj", "{C35CE2BF-DA5A-4977-A1A4-90D61F953D61}"
EndProject
Project("{2150E333-8FDC-42A3-9474-1A3956D46DE8}") = "SimpleChat", "SimpleChat", "{C600BE6F-FDD8-4B50-A341-0B6AA9395DFC}"
EndProject
Project("{FAE04EC0-301F-11D3-BF4B-00C04F79EFBC}") = "ChatServer", "ChatServer\ChatServer.csproj", "{F1C78606-570A-4F31-8420-0EF6A3E4694D}"
EndProject
Project("{FAE04EC0-301F-11D3-BF4B-00C04F79EFBC}") = "ChatClient", "ChatClient\ChatClient.csproj", "{05144702-2E36-4A0A-AFA1-514B7EE440F2}"
EndProject
Project("{FAE04EC0-301F-11D3-BF4B-00C04F79EFBC}") = "Common", "Common\Common.csproj", "{FA4C7BCE-4DB1-479C-AA79-3F03FF37C505}"
EndProject
Global
	GlobalSection(SolutionConfigurationPlatforms) = preSolution
		Debug|Any CPU = Debug|Any CPU
		Release|Any CPU = Release|Any CPU
	EndGlobalSection
	GlobalSection(ProjectConfigurationPlatforms) = postSolution
		{B3C80E53-CFAF-4C89-A17C-3F52C1282019}.Debug|Any CPU.ActiveCfg = Debug|Any CPU
		{B3C80E53-CFAF-4C89-A17C-3F52C1282019}.Debug|Any CPU.Build.0 = Debug|Any CPU
		{B3C80E53-CFAF-4C89-A17C-3F52C1282019}.Release|Any CPU.ActiveCfg = Release|Any CPU
		{B3C80E53-CFAF-4C89-A17C-3F52C1282019}.Release|Any CPU.Build.0 = Release|Any CPU
		{133CAC2A-A433-4C1A-9910-3F79CE818429}.Debug|Any CPU.ActiveCfg = Debug|Any CPU
		{133CAC2A-A433-4C1A-9910-3F79CE818429}.Debug|Any CPU.Build.0 = Debug|Any CPU
		{133CAC2A-A433-4C1A-9910-3F79CE818429}.Release|Any CPU.ActiveCfg = Release|Any CPU
		{133CAC2A-A433-4C1A-9910-3F79CE818429}.Release|Any CPU.Build.0 = Release|Any CPU
		{CA09989F-42E9-4B15-8EB8-0F3A4F0529BA}.Debug|Any CPU.ActiveCfg = Debug|Any CPU
		{CA09989F-42E9-4B15-8EB8-0F3A4F0529BA}.Debug|Any CPU.Build.0 = Debug|Any CPU
		{CA09989F-42E9-4B15-8EB8-0F3A4F0529BA}.Release|Any CPU.ActiveCfg = Release|Any CPU
		{CA09989F-42E9-4B15-8EB8-0F3A4F0529BA}.Release|Any CPU.Build.0 = Release|Any CPU
		{C35CE2BF-DA5A-4977-A1A4-90D61F953D61}.Debug|Any CPU.ActiveCfg = Debug|Any CPU
		{C35CE2BF-DA5A-4977-A1A4-90D61F953D61}.Debug|Any CPU.Build.0 = Debug|Any CPU
		{C35CE2BF-DA5A-4977-A1A4-90D61F953D61}.Release|Any CPU.ActiveCfg = Release|Any CPU
		{C35CE2BF-DA5A-4977-A1A4-90D61F953D61}.Release|Any CPU.Build.0 = Release|Any CPU
		{F1C78606-570A-4F31-8420-0EF6A3E4694D}.Debug|Any CPU.ActiveCfg = Debug|Any CPU
		{F1C78606-570A-4F31-8420-0EF6A3E4694D}.Debug|Any CPU.Build.0 = Debug|Any CPU
		{F1C78606-570A-4F31-8420-0EF6A3E4694D}.Release|Any CPU.ActiveCfg = Release|Any CPU
		{F1C78606-570A-4F31-8420-0EF6A3E4694D}.Release|Any CPU.Build.0 = Release|Any CPU
		{05144702-2E36-4A0A-AFA1-514B7EE440F2}.Debug|Any CPU.ActiveCfg = Debug|Any CPU
		{05144702-2E36-4A0A-AFA1-514B7EE440F2}.Debug|Any CPU.Build.0 = Debug|Any CPU
		{05144702-2E36-4A0A-AFA1-514B7EE440F2}.Release|Any CPU.ActiveCfg = Release|Any CPU
		{05144702-2E36-4A0A-AFA1-514B7EE440F2}.Release|Any CPU.Build.0 = Release|Any CPU
		{FA4C7BCE-4DB1-479C-AA79-3F03FF37C505}.Debug|Any CPU.ActiveCfg = Debug|Any CPU
		{FA4C7BCE-4DB1-479C-AA79-3F03FF37C505}.Debug|Any CPU.Build.0 = Debug|Any CPU
		{FA4C7BCE-4DB1-479C-AA79-3F03FF37C505}.Release|Any CPU.ActiveCfg = Release|Any CPU
		{FA4C7BCE-4DB1-479C-AA79-3F03FF37C505}.Release|Any CPU.Build.0 = Release|Any CPU
	EndGlobalSection
	GlobalSection(SolutionProperties) = preSolution
		HideSolutionNode = FALSE
	EndGlobalSection
	GlobalSection(NestedProjects) = preSolution
		{B3C80E53-CFAF-4C89-A17C-3F52C1282019} = {84617B38-D297-45DA-9F58-80057E88E721}
		{84617B38-D297-45DA-9F58-80057E88E721} = {EBBA8B61-1BBF-4E67-9BF0-AABFA519E92A}
		{E7BC9BB5-A352-43AC-BB4B-178867EDD890} = {EBBA8B61-1BBF-4E67-9BF0-AABFA519E92A}
		{133CAC2A-A433-4C1A-9910-3F79CE818429} = {E7BC9BB5-A352-43AC-BB4B-178867EDD890}
		{58CFA34F-215C-4DE9-BAC8-09E70E351EF2} = {EBBA8B61-1BBF-4E67-9BF0-AABFA519E92A}
		{CA09989F-42E9-4B15-8EB8-0F3A4F0529BA} = {58CFA34F-215C-4DE9-BAC8-09E70E351EF2}
		{251AFFC7-D23E-426D-9039-B54A38FAA0D3} = {EBBA8B61-1BBF-4E67-9BF0-AABFA519E92A}
		{C35CE2BF-DA5A-4977-A1A4-90D61F953D61} = {251AFFC7-D23E-426D-9039-B54A38FAA0D3}
		{F1C78606-570A-4F31-8420-0EF6A3E4694D} = {C600BE6F-FDD8-4B50-A341-0B6AA9395DFC}
		{05144702-2E36-4A0A-AFA1-514B7EE440F2} = {C600BE6F-FDD8-4B50-A341-0B6AA9395DFC}
		{FA4C7BCE-4DB1-479C-AA79-3F03FF37C505} = {C600BE6F-FDD8-4B50-A341-0B6AA9395DFC}
	EndGlobalSection
EndGlobal
